// !$*UTF8*$!
{
	archiveVersion = 1;
	classes = {
	};
	objectVersion = 50;
	objects = {

/* Begin PBXBuildFile section */
		62E4E7AB56FE8CDDF49BCD5F /* Pods_ServerlessImageTagging.framework in Frameworks */ = {isa = PBXBuildFile; fileRef = 751F15186F0E9A0367024F95 /* Pods_ServerlessImageTagging.framework */; };
		929078AA20E482D20038A671 /* ImageCustomCell.swift in Sources */ = {isa = PBXBuildFile; fileRef = 929078A920E482D20038A671 /* ImageCustomCell.swift */; };
		929078AC20E4854F0038A671 /* MyImages.swift in Sources */ = {isa = PBXBuildFile; fileRef = 929078AB20E4854F0038A671 /* MyImages.swift */; };
		92DA0E8220E187530049B446 /* AppDelegate.swift in Sources */ = {isa = PBXBuildFile; fileRef = 92DA0E8120E187530049B446 /* AppDelegate.swift */; };
		92DA0E8420E187530049B446 /* ImagesViewController.swift in Sources */ = {isa = PBXBuildFile; fileRef = 92DA0E8320E187530049B446 /* ImagesViewController.swift */; };
		92DA0E8720E187530049B446 /* Main.storyboard in Resources */ = {isa = PBXBuildFile; fileRef = 92DA0E8520E187530049B446 /* Main.storyboard */; };
		92DA0E8A20E187530049B446 /* ServerlessImageTagging.xcdatamodeld in Sources */ = {isa = PBXBuildFile; fileRef = 92DA0E8820E187530049B446 /* ServerlessImageTagging.xcdatamodeld */; };
		92DA0E8C20E187540049B446 /* Assets.xcassets in Resources */ = {isa = PBXBuildFile; fileRef = 92DA0E8B20E187540049B446 /* Assets.xcassets */; };
		92DA0E8F20E187540049B446 /* LaunchScreen.storyboard in Resources */ = {isa = PBXBuildFile; fileRef = 92DA0E8D20E187540049B446 /* LaunchScreen.storyboard */; };
		92DA0E9720E1D6040049B446 /* SwiftCloudantHelper.swift in Sources */ = {isa = PBXBuildFile; fileRef = 92DA0E9620E1D6040049B446 /* SwiftCloudantHelper.swift */; };
/* End PBXBuildFile section */

/* Begin PBXFileReference section */
		751F15186F0E9A0367024F95 /* Pods_ServerlessImageTagging.framework */ = {isa = PBXFileReference; explicitFileType = wrapper.framework; includeInIndex = 0; path = Pods_ServerlessImageTagging.framework; sourceTree = BUILT_PRODUCTS_DIR; };
		929078A920E482D20038A671 /* ImageCustomCell.swift */ = {isa = PBXFileReference; lastKnownFileType = sourcecode.swift; path = ImageCustomCell.swift; sourceTree = "<group>"; };
		929078AB20E4854F0038A671 /* MyImages.swift */ = {isa = PBXFileReference; lastKnownFileType = sourcecode.swift; path = MyImages.swift; sourceTree = "<group>"; };
		92DA0E7E20E187530049B446 /* ServerlessImageTagging.app */ = {isa = PBXFileReference; explicitFileType = wrapper.application; includeInIndex = 0; path = ServerlessImageTagging.app; sourceTree = BUILT_PRODUCTS_DIR; };
		92DA0E8120E187530049B446 /* AppDelegate.swift */ = {isa = PBXFileReference; lastKnownFileType = sourcecode.swift; path = AppDelegate.swift; sourceTree = "<group>"; };
		92DA0E8320E187530049B446 /* ImagesViewController.swift */ = {isa = PBXFileReference; lastKnownFileType = sourcecode.swift; path = ImagesViewController.swift; sourceTree = "<group>"; };
		92DA0E8620E187530049B446 /* Base */ = {isa = PBXFileReference; lastKnownFileType = file.storyboard; name = Base; path = Base.lproj/Main.storyboard; sourceTree = "<group>"; };
		92DA0E8920E187530049B446 /* ServerlessImageTagging.xcdatamodel */ = {isa = PBXFileReference; lastKnownFileType = wrapper.xcdatamodel; path = ServerlessImageTagging.xcdatamodel; sourceTree = "<group>"; };
		92DA0E8B20E187540049B446 /* Assets.xcassets */ = {isa = PBXFileReference; lastKnownFileType = folder.assetcatalog; path = Assets.xcassets; sourceTree = "<group>"; };
		92DA0E8E20E187540049B446 /* Base */ = {isa = PBXFileReference; lastKnownFileType = file.storyboard; name = Base; path = Base.lproj/LaunchScreen.storyboard; sourceTree = "<group>"; };
		92DA0E9020E187540049B446 /* Info.plist */ = {isa = PBXFileReference; lastKnownFileType = text.plist.xml; path = Info.plist; sourceTree = "<group>"; };
		92DA0E9620E1D6040049B446 /* SwiftCloudantHelper.swift */ = {isa = PBXFileReference; lastKnownFileType = sourcecode.swift; path = SwiftCloudantHelper.swift; sourceTree = "<group>"; };
		E0BA23BC5B19A333497945C4 /* Pods-ServerlessImageTagging.release.xcconfig */ = {isa = PBXFileReference; includeInIndex = 1; lastKnownFileType = text.xcconfig; name = "Pods-ServerlessImageTagging.release.xcconfig"; path = "Pods/Target Support Files/Pods-ServerlessImageTagging/Pods-ServerlessImageTagging.release.xcconfig"; sourceTree = "<group>"; };
		F0A1013EE052465274C2DE77 /* Pods-ServerlessImageTagging.debug.xcconfig */ = {isa = PBXFileReference; includeInIndex = 1; lastKnownFileType = text.xcconfig; name = "Pods-ServerlessImageTagging.debug.xcconfig"; path = "Pods/Target Support Files/Pods-ServerlessImageTagging/Pods-ServerlessImageTagging.debug.xcconfig"; sourceTree = "<group>"; };
/* End PBXFileReference section */

/* Begin PBXFrameworksBuildPhase section */
		92DA0E7B20E187530049B446 /* Frameworks */ = {
			isa = PBXFrameworksBuildPhase;
			buildActionMask = 2147483647;
			files = (
				62E4E7AB56FE8CDDF49BCD5F /* Pods_ServerlessImageTagging.framework in Frameworks */,
			);
			runOnlyForDeploymentPostprocessing = 0;
		};
/* End PBXFrameworksBuildPhase section */

/* Begin PBXGroup section */
		42275AA7A0BDEA988986566B /* Frameworks */ = {
			isa = PBXGroup;
			children = (
				751F15186F0E9A0367024F95 /* Pods_ServerlessImageTagging.framework */,
			);
			name = Frameworks;
			sourceTree = "<group>";
		};
		8C4704DCEE51878D56CE64A4 /* Pods */ = {
			isa = PBXGroup;
			children = (
				F0A1013EE052465274C2DE77 /* Pods-ServerlessImageTagging.debug.xcconfig */,
				E0BA23BC5B19A333497945C4 /* Pods-ServerlessImageTagging.release.xcconfig */,
			);
			name = Pods;
			sourceTree = "<group>";
		};
		92DA0E7520E187530049B446 = {
			isa = PBXGroup;
			children = (
				92DA0E8020E187530049B446 /* ServerlessImageTagging */,
				92DA0E7F20E187530049B446 /* Products */,
				8C4704DCEE51878D56CE64A4 /* Pods */,
				42275AA7A0BDEA988986566B /* Frameworks */,
			);
			sourceTree = "<group>";
		};
		92DA0E7F20E187530049B446 /* Products */ = {
			isa = PBXGroup;
			children = (
				92DA0E7E20E187530049B446 /* ServerlessImageTagging.app */,
			);
			name = Products;
			sourceTree = "<group>";
		};
		92DA0E8020E187530049B446 /* ServerlessImageTagging */ = {
			isa = PBXGroup;
			children = (
				92DA0E8120E187530049B446 /* AppDelegate.swift */,
				92DA0E8320E187530049B446 /* ImagesViewController.swift */,
				92DA0E9620E1D6040049B446 /* SwiftCloudantHelper.swift */,
				92DA0E8520E187530049B446 /* Main.storyboard */,
				929078AB20E4854F0038A671 /* MyImages.swift */,
				929078A920E482D20038A671 /* ImageCustomCell.swift */,
				92DA0E8B20E187540049B446 /* Assets.xcassets */,
				92DA0E8D20E187540049B446 /* LaunchScreen.storyboard */,
				92DA0E9020E187540049B446 /* Info.plist */,
				92DA0E8820E187530049B446 /* ServerlessImageTagging.xcdatamodeld */,
			);
			path = ServerlessImageTagging;
			sourceTree = "<group>";
		};
/* End PBXGroup section */

/* Begin PBXNativeTarget section */
		92DA0E7D20E187530049B446 /* ServerlessImageTagging */ = {
			isa = PBXNativeTarget;
			buildConfigurationList = 92DA0E9320E187540049B446 /* Build configuration list for PBXNativeTarget "ServerlessImageTagging" */;
			buildPhases = (
				36AE29F05EDB8CACFE235FC5 /* [CP] Check Pods Manifest.lock */,
				92DA0E7A20E187530049B446 /* Sources */,
				92DA0E7B20E187530049B446 /* Frameworks */,
				92DA0E7C20E187530049B446 /* Resources */,
				6E6DBBACDE43DFFDB780C50D /* [CP] Embed Pods Frameworks */,
				47CEE94998BCB4A946E55CBC /* [CP] Copy Pods Resources */,
			);
			buildRules = (
			);
			dependencies = (
			);
			name = ServerlessImageTagging;
			productName = ServerlessImageTagging;
			productReference = 92DA0E7E20E187530049B446 /* ServerlessImageTagging.app */;
			productType = "com.apple.product-type.application";
		};
/* End PBXNativeTarget section */

/* Begin PBXProject section */
		92DA0E7620E187530049B446 /* Project object */ = {
			isa = PBXProject;
			attributes = {
				LastSwiftUpdateCheck = 0940;
				LastUpgradeCheck = 0940;
				ORGANIZATIONNAME = "Joe Anthony Peter Amanse";
				TargetAttributes = {
					92DA0E7D20E187530049B446 = {
						CreatedOnToolsVersion = 9.4.1;
					};
				};
			};
			buildConfigurationList = 92DA0E7920E187530049B446 /* Build configuration list for PBXProject "ServerlessImageTagging" */;
			compatibilityVersion = "Xcode 9.3";
			developmentRegion = en;
			hasScannedForEncodings = 0;
			knownRegions = (
				en,
				Base,
			);
			mainGroup = 92DA0E7520E187530049B446;
			productRefGroup = 92DA0E7F20E187530049B446 /* Products */;
			projectDirPath = "";
			projectRoot = "";
			targets = (
				92DA0E7D20E187530049B446 /* ServerlessImageTagging */,
			);
		};
/* End PBXProject section */

/* Begin PBXResourcesBuildPhase section */
		92DA0E7C20E187530049B446 /* Resources */ = {
			isa = PBXResourcesBuildPhase;
			buildActionMask = 2147483647;
			files = (
				92DA0E8F20E187540049B446 /* LaunchScreen.storyboard in Resources */,
				92DA0E8C20E187540049B446 /* Assets.xcassets in Resources */,
				92DA0E8720E187530049B446 /* Main.storyboard in Resources */,
			);
			runOnlyForDeploymentPostprocessing = 0;
		};
/* End PBXResourcesBuildPhase section */

/* Begin PBXShellScriptBuildPhase section */
		36AE29F05EDB8CACFE235FC5 /* [CP] Check Pods Manifest.lock */ = {
			isa = PBXShellScriptBuildPhase;
			buildActionMask = 2147483647;
			files = (
			);
			inputPaths = (
				"${PODS_PODFILE_DIR_PATH}/Podfile.lock",
				"${PODS_ROOT}/Manifest.lock",
			);
			name = "[CP] Check Pods Manifest.lock";
			outputPaths = (
				"$(DERIVED_FILE_DIR)/Pods-ServerlessImageTagging-checkManifestLockResult.txt",
			);
			runOnlyForDeploymentPostprocessing = 0;
			shellPath = /bin/sh;
			shellScript = "diff \"${PODS_PODFILE_DIR_PATH}/Podfile.lock\" \"${PODS_ROOT}/Manifest.lock\" > /dev/null\nif [ $? != 0 ] ; then\n    # print error to STDERR\n    echo \"error: The sandbox is not in sync with the Podfile.lock. Run 'pod install' or update your CocoaPods installation.\" >&2\n    exit 1\nfi\n# This output is used by Xcode 'outputs' to avoid re-running this script phase.\necho \"SUCCESS\" > \"${SCRIPT_OUTPUT_FILE_0}\"\n";
			showEnvVarsInLog = 0;
		};
		47CEE94998BCB4A946E55CBC /* [CP] Copy Pods Resources */ = {
			isa = PBXShellScriptBuildPhase;
			buildActionMask = 2147483647;
			files = (
			);
			inputPaths = (
			);
			name = "[CP] Copy Pods Resources";
			outputPaths = (
			);
			runOnlyForDeploymentPostprocessing = 0;
			shellPath = /bin/sh;
			shellScript = "\"${SRCROOT}/Pods/Target Support Files/Pods-ServerlessImageTagging/Pods-ServerlessImageTagging-resources.sh\"\n";
			showEnvVarsInLog = 0;
		};
		6E6DBBACDE43DFFDB780C50D /* [CP] Embed Pods Frameworks */ = {
			isa = PBXShellScriptBuildPhase;
			buildActionMask = 2147483647;
			files = (
			);
			inputPaths = (
				"${SRCROOT}/Pods/Target Support Files/Pods-ServerlessImageTagging/Pods-ServerlessImageTagging-frameworks.sh",
				"${BUILT_PRODUCTS_DIR}/SwiftCloudant/SwiftCloudant.framework",
			);
			name = "[CP] Embed Pods Frameworks";
			outputPaths = (
				"${TARGET_BUILD_DIR}/${FRAMEWORKS_FOLDER_PATH}/SwiftCloudant.framework",
			);
			runOnlyForDeploymentPostprocessing = 0;
			shellPath = /bin/sh;
			shellScript = "\"${SRCROOT}/Pods/Target Support Files/Pods-ServerlessImageTagging/Pods-ServerlessImageTagging-frameworks.sh\"\n";
			showEnvVarsInLog = 0;
		};
/* End PBXShellScriptBuildPhase section */

/* Begin PBXSourcesBuildPhase section */
		92DA0E7A20E187530049B446 /* Sources */ = {
			isa = PBXSourcesBuildPhase;
			buildActionMask = 2147483647;
			files = (
				92DA0E8420E187530049B446 /* ImagesViewController.swift in Sources */,
				92DA0E8220E187530049B446 /* AppDelegate.swift in Sources */,
				929078AA20E482D20038A671 /* ImageCustomCell.swift in Sources */,
				92DA0E8A20E187530049B446 /* ServerlessImageTagging.xcdatamodeld in Sources */,
				92DA0E9720E1D6040049B446 /* SwiftCloudantHelper.swift in Sources */,
				929078AC20E4854F0038A671 /* MyImages.swift in Sources */,
			);
			runOnlyForDeploymentPostprocessing = 0;
		};
/* End PBXSourcesBuildPhase section */

/* Begin PBXVariantGroup section */
		92DA0E8520E187530049B446 /* Main.storyboard */ = {
			isa = PBXVariantGroup;
			children = (
				92DA0E8620E187530049B446 /* Base */,
			);
			name = Main.storyboard;
			sourceTree = "<group>";
		};
		92DA0E8D20E187540049B446 /* LaunchScreen.storyboard */ = {
			isa = PBXVariantGroup;
			children = (
				92DA0E8E20E187540049B446 /* Base */,
			);
			name = LaunchScreen.storyboard;
			sourceTree = "<group>";
		};
/* End PBXVariantGroup section */

/* Begin XCBuildConfiguration section */
		92DA0E9120E187540049B446 /* Debug */ = {
			isa = XCBuildConfiguration;
			buildSettings = {
				ALWAYS_SEARCH_USER_PATHS = NO;
				CLANG_ANALYZER_NONNULL = YES;
				CLANG_ANALYZER_NUMBER_OBJECT_CONVERSION = YES_AGGRESSIVE;
				CLANG_CXX_LANGUAGE_STANDARD = "gnu++14";
				CLANG_CXX_LIBRARY = "libc++";
				CLANG_ENABLE_MODULES = YES;
				CLANG_ENABLE_OBJC_ARC = YES;
				CLANG_ENABLE_OBJC_WEAK = YES;
				CLANG_WARN_BLOCK_CAPTURE_AUTORELEASING = YES;
				CLANG_WARN_BOOL_CONVERSION = YES;
				CLANG_WARN_COMMA = YES;
				CLANG_WARN_CONSTANT_CONVERSION = YES;
				CLANG_WARN_DEPRECATED_OBJC_IMPLEMENTATIONS = YES;
				CLANG_WARN_DIRECT_OBJC_ISA_USAGE = YES_ERROR;
				CLANG_WARN_DOCUMENTATION_COMMENTS = YES;
				CLANG_WARN_EMPTY_BODY = YES;
				CLANG_WARN_ENUM_CONVERSION = YES;
				CLANG_WARN_INFINITE_RECURSION = YES;
				CLANG_WARN_INT_CONVERSION = YES;
				CLANG_WARN_NON_LITERAL_NULL_CONVERSION = YES;
				CLANG_WARN_OBJC_IMPLICIT_RETAIN_SELF = YES;
				CLANG_WARN_OBJC_LITERAL_CONVERSION = YES;
				CLANG_WARN_OBJC_ROOT_CLASS = YES_ERROR;
				CLANG_WARN_RANGE_LOOP_ANALYSIS = YES;
				CLANG_WARN_STRICT_PROTOTYPES = YES;
				CLANG_WARN_SUSPICIOUS_MOVE = YES;
				CLANG_WARN_UNGUARDED_AVAILABILITY = YES_AGGRESSIVE;
				CLANG_WARN_UNREACHABLE_CODE = YES;
				CLANG_WARN__DUPLICATE_METHOD_MATCH = YES;
				CODE_SIGN_IDENTITY = "iPhone Developer";
				COPY_PHASE_STRIP = NO;
				DEBUG_INFORMATION_FORMAT = dwarf;
				ENABLE_STRICT_OBJC_MSGSEND = YES;
				ENABLE_TESTABILITY = YES;
				GCC_C_LANGUAGE_STANDARD = gnu11;
				GCC_DYNAMIC_NO_PIC = NO;
				GCC_NO_COMMON_BLOCKS = YES;
				GCC_OPTIMIZATION_LEVEL = 0;
				GCC_PREPROCESSOR_DEFINITIONS = (
					"DEBUG=1",
					"$(inherited)",
				);
				GCC_WARN_64_TO_32_BIT_CONVERSION = YES;
				GCC_WARN_ABOUT_RETURN_TYPE = YES_ERROR;
				GCC_WARN_UNDECLARED_SELECTOR = YES;
				GCC_WARN_UNINITIALIZED_AUTOS = YES_AGGRESSIVE;
				GCC_WARN_UNUSED_FUNCTION = YES;
				GCC_WARN_UNUSED_VARIABLE = YES;
				IPHONEOS_DEPLOYMENT_TARGET = 11.4;
				MTL_ENABLE_DEBUG_INFO = YES;
				ONLY_ACTIVE_ARCH = YES;
				SDKROOT = iphoneos;
				SWIFT_ACTIVE_COMPILATION_CONDITIONS = DEBUG;
				SWIFT_OPTIMIZATION_LEVEL = "-Onone";
			};
			name = Debug;
		};
		92DA0E9220E187540049B446 /* Release */ = {
			isa = XCBuildConfiguration;
			buildSettings = {
				ALWAYS_SEARCH_USER_PATHS = NO;
				CLANG_ANALYZER_NONNULL = YES;
				CLANG_ANALYZER_NUMBER_OBJECT_CONVERSION = YES_AGGRESSIVE;
				CLANG_CXX_LANGUAGE_STANDARD = "gnu++14";
				CLANG_CXX_LIBRARY = "libc++";
				CLANG_ENABLE_MODULES = YES;
				CLANG_ENABLE_OBJC_ARC = YES;
				CLANG_ENABLE_OBJC_WEAK = YES;
				CLANG_WARN_BLOCK_CAPTURE_AUTORELEASING = YES;
				CLANG_WARN_BOOL_CONVERSION = YES;
				CLANG_WARN_COMMA = YES;
				CLANG_WARN_CONSTANT_CONVERSION = YES;
				CLANG_WARN_DEPRECATED_OBJC_IMPLEMENTATIONS = YES;
				CLANG_WARN_DIRECT_OBJC_ISA_USAGE = YES_ERROR;
				CLANG_WARN_DOCUMENTATION_COMMENTS = YES;
				CLANG_WARN_EMPTY_BODY = YES;
				CLANG_WARN_ENUM_CONVERSION = YES;
				CLANG_WARN_INFINITE_RECURSION = YES;
				CLANG_WARN_INT_CONVERSION = YES;
				CLANG_WARN_NON_LITERAL_NULL_CONVERSION = YES;
				CLANG_WARN_OBJC_IMPLICIT_RETAIN_SELF = YES;
				CLANG_WARN_OBJC_LITERAL_CONVERSION = YES;
				CLANG_WARN_OBJC_ROOT_CLASS = YES_ERROR;
				CLANG_WARN_RANGE_LOOP_ANALYSIS = YES;
				CLANG_WARN_STRICT_PROTOTYPES = YES;
				CLANG_WARN_SUSPICIOUS_MOVE = YES;
				CLANG_WARN_UNGUARDED_AVAILABILITY = YES_AGGRESSIVE;
				CLANG_WARN_UNREACHABLE_CODE = YES;
				CLANG_WARN__DUPLICATE_METHOD_MATCH = YES;
				CODE_SIGN_IDENTITY = "iPhone Developer";
				COPY_PHASE_STRIP = NO;
				DEBUG_INFORMATION_FORMAT = "dwarf-with-dsym";
				ENABLE_NS_ASSERTIONS = NO;
				ENABLE_STRICT_OBJC_MSGSEND = YES;
				GCC_C_LANGUAGE_STANDARD = gnu11;
				GCC_NO_COMMON_BLOCKS = YES;
				GCC_WARN_64_TO_32_BIT_CONVERSION = YES;
				GCC_WARN_ABOUT_RETURN_TYPE = YES_ERROR;
				GCC_WARN_UNDECLARED_SELECTOR = YES;
				GCC_WARN_UNINITIALIZED_AUTOS = YES_AGGRESSIVE;
				GCC_WARN_UNUSED_FUNCTION = YES;
				GCC_WARN_UNUSED_VARIABLE = YES;
				IPHONEOS_DEPLOYMENT_TARGET = 11.4;
				MTL_ENABLE_DEBUG_INFO = NO;
				SDKROOT = iphoneos;
				SWIFT_COMPILATION_MODE = wholemodule;
				SWIFT_OPTIMIZATION_LEVEL = "-O";
				VALIDATE_PRODUCT = YES;
			};
			name = Release;
		};
		92DA0E9420E187540049B446 /* Debug */ = {
			isa = XCBuildConfiguration;
			baseConfigurationReference = F0A1013EE052465274C2DE77 /* Pods-ServerlessImageTagging.debug.xcconfig */;
			buildSettings = {
				ASSETCATALOG_COMPILER_APPICON_NAME = AppIcon;
				CODE_SIGN_STYLE = Automatic;
				DEVELOPMENT_TEAM = 24VUPDRF9D;
				INFOPLIST_FILE = ServerlessImageTagging/Info.plist;
				LD_RUNPATH_SEARCH_PATHS = (
					"$(inherited)",
					"@executable_path/Frameworks",
				);
				PRODUCT_BUNDLE_IDENTIFIER = com.anthonyamanse.ServerlessImageTagging;
				PRODUCT_NAME = "$(TARGET_NAME)";
				SWIFT_VERSION = 4.0;
				TARGETED_DEVICE_FAMILY = "1,2";
			};
			name = Debug;
		};
		92DA0E9520E187540049B446 /* Release */ = {
			isa = XCBuildConfiguration;
			baseConfigurationReference = E0BA23BC5B19A333497945C4 /* Pods-ServerlessImageTagging.release.xcconfig */;
			buildSettings = {
				ASSETCATALOG_COMPILER_APPICON_NAME = AppIcon;
				CODE_SIGN_STYLE = Automatic;
				DEVELOPMENT_TEAM = 24VUPDRF9D;
				INFOPLIST_FILE = ServerlessImageTagging/Info.plist;
				LD_RUNPATH_SEARCH_PATHS = (
					"$(inherited)",
					"@executable_path/Frameworks",
				);
				PRODUCT_BUNDLE_IDENTIFIER = com.anthonyamanse.ServerlessImageTagging;
				PRODUCT_NAME = "$(TARGET_NAME)";
				SWIFT_VERSION = 4.0;
				TARGETED_DEVICE_FAMILY = "1,2";
			};
			name = Release;
		};
/* End XCBuildConfiguration section */

/* Begin XCConfigurationList section */
		92DA0E7920E187530049B446 /* Build configuration list for PBXProject "ServerlessImageTagging" */ = {
			isa = XCConfigurationList;
			buildConfigurations = (
				92DA0E9120E187540049B446 /* Debug */,
				92DA0E9220E187540049B446 /* Release */,
			);
			defaultConfigurationIsVisible = 0;
			defaultConfigurationName = Release;
		};
		92DA0E9320E187540049B446 /* Build configuration list for PBXNativeTarget "ServerlessImageTagging" */ = {
			isa = XCConfigurationList;
			buildConfigurations = (
				92DA0E9420E187540049B446 /* Debug */,
				92DA0E9520E187540049B446 /* Release */,
			);
			defaultConfigurationIsVisible = 0;
			defaultConfigurationName = Release;
		};
/* End XCConfigurationList section */

/* Begin XCVersionGroup section */
		92DA0E8820E187530049B446 /* ServerlessImageTagging.xcdatamodeld */ = {
			isa = XCVersionGroup;
			children = (
				92DA0E8920E187530049B446 /* ServerlessImageTagging.xcdatamodel */,
			);
			currentVersion = 92DA0E8920E187530049B446 /* ServerlessImageTagging.xcdatamodel */;
			path = ServerlessImageTagging.xcdatamodeld;
			sourceTree = "<group>";
			versionGroupType = wrapper.xcdatamodel;
		};
/* End XCVersionGroup section */
	};
	rootObject = 92DA0E7620E187530049B446 /* Project object */;
}
